{
  "nodes": {
    "flake-utils": {
      "locked": {
        "lastModified": 1637014545,
        "narHash": "sha256-26IZAc5yzlD9FlDT54io1oqG/bBoyka+FJk5guaX4x4=",
        "owner": "numtide",
        "repo": "flake-utils",
        "rev": "bba5dcc8e0b20ab664967ad83d24d64cb64ec4f4",
        "type": "github"
      },
      "original": {
        "owner": "numtide",
        "repo": "flake-utils",
        "type": "github"
      }
    },
    "home-manager": {
      "inputs": {
        "nixpkgs": [
          "mk-darwin-system",
          "nixpkgs"
        ]
      },
      "locked": {
        "lastModified": 1637915295,
        "narHash": "sha256-jWW2Q83O4O/TV3PDsZkEo0bhKzlLBhJ5CGqQFMM05lE=",
        "owner": "nix-community",
        "repo": "home-manager",
        "rev": "a28cf79a78040b4e6d8d50a39760a296d5e95dd6",
        "type": "github"
      },
      "original": {
        "owner": "nix-community",
        "repo": "home-manager",
        "type": "github"
      }
    },
    "mk-darwin-system": {
      "inputs": {
        "flake-utils": "flake-utils",
        "home-manager": "home-manager",
        "nix-darwin": "nix-darwin",
        "nixpkgs": [
          "nixpkgs"
        ],
        "nur": "nur"
      },
      "locked": {
        "lastModified": 1638604178,
        "narHash": "sha256-ThhmzYBeesrgXBzN9kVUfAxEh1CDvCfGJo4wMsRCoN0=",
        "ref": "main",
        "rev": "135f0efb03ff9ca8dc32bcf7eb51a592a3f37996",
        "revCount": 6,
        "type": "git",
        "url": "file:///Users/echo/workspace/tools/mk-darwin-system"
      },
      "original": {
        "type": "git",
        "url": "file:///Users/echo/workspace/tools/mk-darwin-system"
      }
    },
    "nix-darwin": {
      "inputs": {
        "nixpkgs": [
          "mk-darwin-system",
          "nixpkgs"
        ]
      },
      "locked": {
        "lastModified": 1634994402,
        "narHash": "sha256-xmlCVVOYGpZoxgOqsDOVF0B0ASrnbNGVAEzID9qh2xo=",
        "owner": "LnL7",
        "repo": "nix-darwin",
        "rev": "44da835ac40dab5fd231298b59d83487382d2fab",
        "type": "github"
      },
      "original": {
        "owner": "LnL7",
        "ref": "master",
        "repo": "nix-darwin",
        "type": "github"
      }
    },
    "nixpkgs": {
      "locked": {
        "lastModified": 1638239011,
        "narHash": "sha256-AjhmbT4UBlJWqxY0ea8a6GU2C2HdKUREkG43oRr3TZg=",
        "owner": "nixos",
        "repo": "nixpkgs",
        "rev": "a7ecde854aee5c4c7cd6177f54a99d2c1ff28a31",
        "type": "github"
      },
      "original": {
        "owner": "nixos",
        "ref": "21.11",
        "repo": "nixpkgs",
        "type": "github"
      }
    },
    "nur": {
      "locked": {
        "lastModified": 1638091595,
        "narHash": "sha256-IUW6WZiobusd84IjjqrCViJzFu/BjYHnoKqIYxJ5Kno=",
        "owner": "nix-community",
        "repo": "NUR",
        "rev": "cf6a4dbc1a9369692cac4ea5d491edabd229ee42",
        "type": "github"
      },
      "original": {
        "owner": "nix-community",
        "repo": "NUR",
        "type": "github"
      }
    },
    "root": {
      "inputs": {
        "mk-darwin-system": "mk-darwin-system",
        "nixpkgs": "nixpkgs"
      }
    }
  },
  "root": "root",
  "version": 7
}
